
Microsoft Visual Studio Solution File, Format Version 12.00
# Visual Studio Version 16
VisualStudioVersion = 16.0.29806.167
MinimumVisualStudioVersion = 10.0.40219.1
Project("{FAE04EC0-301F-11D3-BF4B-00C04F79EFBC}") = "Sistema", "Sistema.csproj", "{FEA62CA7-D741-4FE6-BDFF-FD40E9472E34}"
EndProject
Global
	GlobalSection(SolutionConfigurationPlatforms) = preSolution
		Debug|Any CPU = Debug|Any CPU
		Release|Any CPU = Release|Any CPU
	EndGlobalSection
	GlobalSection(ProjectConfigurationPlatforms) = postSolution
		{FEA62CA7-D741-4FE6-BDFF-FD40E9472E34}.Debug|Any CPU.ActiveCfg = Debug|Any CPU
		{FEA62CA7-D741-4FE6-BDFF-FD40E9472E34}.Debug|Any CPU.Build.0 = Debug|Any CPU
		{FEA62CA7-D741-4FE6-BDFF-FD40E9472E34}.Release|Any CPU.ActiveCfg = Release|Any CPU
		{FEA62CA7-D741-4FE6-BDFF-FD40E9472E34}.Release|Any CPU.Build.0 = Release|Any CPU
	EndGlobalSection
	GlobalSection(SolutionProperties) = preSolution
		HideSolutionNode = FALSE
	EndGlobalSection
	GlobalSection(ExtensibilityGlobals) = postSolution
		SolutionGuid = {E4AB864C-1F92-4CD8-A5DA-E2114EB61CAE}
	EndGlobalSection
EndGlobal
